# THIS IS AN AUTOGENERATED FILE. DO NOT EDIT THIS FILE DIRECTLY.
# yarn lockfile v1


"@sagb_24/mytimerjs@^1.4.1":
  version "1.4.1"
  resolved "https://registry.yarnpkg.com/@sagb_24/mytimerjs/-/mytimerjs-1.4.1.tgz#55a23b0c2c913039e543ccf41bc86b88881e6025"
  integrity sha512-nLeqNzW032zhTTQuz2zFAV2v/ro+dfIPYRYDiWKWhui3Brt+9RLH/g6c+1ndeyiv3I4zullGOGK3zlnJIRvBaw==

granim@^2.0.0:
  version "2.0.0"
  resolved "https://registry.yarnpkg.com/granim/-/granim-2.0.0.tgz#cd3905e97dd5cb5ef0b164b68d5073ac43f1eec6"
  integrity sha512-aqa79K49ndjoUBtpYzlO8sKcuVQED+5axvX0SveqTLDR+Fa2G42AGntuQ36ysCFOWGVkWCLfHowFwk+D/9rGDg==
